
Microsoft Visual Studio Solution File, Format Version 12.00
# Visual Studio Version 16
VisualStudioVersion = 16.0.30320.27
MinimumVisualStudioVersion = 10.0.40219.1
Project("{FAE04EC0-301F-11D3-BF4B-00C04F79EFBC}") = "BugManager", "BugManager\BugManager.csproj", "{F9410A1A-9D78-478B-A72A-71BC1F93312E}"
EndProject
Global
	GlobalSection(SolutionConfigurationPlatforms) = preSolution
		Debug|Any CPU = Debug|Any CPU
		Release|Any CPU = Release|Any CPU
	EndGlobalSection
	GlobalSection(ProjectConfigurationPlatforms) = postSolution
		{F9410A1A-9D78-478B-A72A-71BC1F93312E}.Debug|Any CPU.ActiveCfg = Debug|Any CPU
		{F9410A1A-9D78-478B-A72A-71BC1F93312E}.Debug|Any CPU.Build.0 = Debug|Any CPU
		{F9410A1A-9D78-478B-A72A-71BC1F93312E}.Release|Any CPU.ActiveCfg = Release|Any CPU
		{F9410A1A-9D78-478B-A72A-71BC1F93312E}.Release|Any CPU.Build.0 = Release|Any CPU
	EndGlobalSection
	GlobalSection(SolutionProperties) = preSolution
		HideSolutionNode = FALSE
	EndGlobalSection
	GlobalSection(ExtensibilityGlobals) = postSolution
		SolutionGuid = {1E17B412-CA5F-4492-8E6F-D8B639EF182E}
	EndGlobalSection
EndGlobal
